
Microsoft Visual Studio Solution File, Format Version 12.00
# Visual Studio Version 16
VisualStudioVersion = 16.0.35826.135
MinimumVisualStudioVersion = 10.0.40219.1
Project("{FAE04EC0-301F-11D3-BF4B-00C04F79EFBC}") = "Kcsv2Bcr", "Kcsv2Bcr.csproj", "{2B0D40A0-C119-4D32-BC5B-C014306600E7}"
EndProject
Global
	GlobalSection(SolutionConfigurationPlatforms) = preSolution
		Debug|Any CPU = Debug|Any CPU
		Release|Any CPU = Release|Any CPU
	EndGlobalSection
	GlobalSection(ProjectConfigurationPlatforms) = postSolution
		{2B0D40A0-C119-4D32-BC5B-C014306600E7}.Debug|Any CPU.ActiveCfg = Debug|Any CPU
		{2B0D40A0-C119-4D32-BC5B-C014306600E7}.Debug|Any CPU.Build.0 = Debug|Any CPU
		{2B0D40A0-C119-4D32-BC5B-C014306600E7}.Release|Any CPU.ActiveCfg = Release|Any CPU
		{2B0D40A0-C119-4D32-BC5B-C014306600E7}.Release|Any CPU.Build.0 = Release|Any CPU
	EndGlobalSection
	GlobalSection(SolutionProperties) = preSolution
		HideSolutionNode = FALSE
	EndGlobalSection
	GlobalSection(ExtensibilityGlobals) = postSolution
		SolutionGuid = {805BB19C-F4EC-4194-86B4-BAE085227A36}
	EndGlobalSection
EndGlobal
